
Microsoft Visual Studio Solution File, Format Version 12.00
# Visual Studio Version 16
VisualStudioVersion = 16.0.31112.23
MinimumVisualStudioVersion = 10.0.40219.1
Project("{FAE04EC0-301F-11D3-BF4B-00C04F79EFBC}") = "ShoppingCart", "ShoppingCart.csproj", "{F2F5E9D8-E292-4B9C-B2F8-CE412A790FD2}"
EndProject
Global
	GlobalSection(SolutionConfigurationPlatforms) = preSolution
		Debug|Any CPU = Debug|Any CPU
		Release|Any CPU = Release|Any CPU
	EndGlobalSection
	GlobalSection(ProjectConfigurationPlatforms) = postSolution
		{F2F5E9D8-E292-4B9C-B2F8-CE412A790FD2}.Debug|Any CPU.ActiveCfg = Debug|Any CPU
		{F2F5E9D8-E292-4B9C-B2F8-CE412A790FD2}.Debug|Any CPU.Build.0 = Debug|Any CPU
		{F2F5E9D8-E292-4B9C-B2F8-CE412A790FD2}.Release|Any CPU.ActiveCfg = Release|Any CPU
		{F2F5E9D8-E292-4B9C-B2F8-CE412A790FD2}.Release|Any CPU.Build.0 = Release|Any CPU
	EndGlobalSection
	GlobalSection(SolutionProperties) = preSolution
		HideSolutionNode = FALSE
	EndGlobalSection
	GlobalSection(ExtensibilityGlobals) = postSolution
		SolutionGuid = {D9D46B55-D54F-41D4-9414-C7625B1EEDF3}
	EndGlobalSection
EndGlobal
